
Microsoft Visual Studio Solution File, Format Version 12.00
# Visual Studio Version 17
VisualStudioVersion = 17.9.34723.18
MinimumVisualStudioVersion = 10.0.40219.1
Project("{8BC9CEB8-8B4A-11D0-8D11-00A0C91BC942}") = "acDll", "acDll.vcxproj", "{A888C767-E554-4D13-B902-BF8A19A2D73A}"
EndProject
Global
	GlobalSection(SolutionConfigurationPlatforms) = preSolution
		Debug|x64 = Debug|x64
		Debug|x86 = Debug|x86
		Release|x64 = Release|x64
		Release|x86 = Release|x86
	EndGlobalSection
	GlobalSection(ProjectConfigurationPlatforms) = postSolution
		{A888C767-E554-4D13-B902-BF8A19A2D73A}.Debug|x64.ActiveCfg = Debug|x64
		{A888C767-E554-4D13-B902-BF8A19A2D73A}.Debug|x64.Build.0 = Debug|x64
		{A888C767-E554-4D13-B902-BF8A19A2D73A}.Debug|x86.ActiveCfg = Debug|Win32
		{A888C767-E554-4D13-B902-BF8A19A2D73A}.Debug|x86.Build.0 = Debug|Win32
		{A888C767-E554-4D13-B902-BF8A19A2D73A}.Release|x64.ActiveCfg = Release|x64
		{A888C767-E554-4D13-B902-BF8A19A2D73A}.Release|x64.Build.0 = Release|x64
		{A888C767-E554-4D13-B902-BF8A19A2D73A}.Release|x86.ActiveCfg = Release|Win32
		{A888C767-E554-4D13-B902-BF8A19A2D73A}.Release|x86.Build.0 = Release|Win32
	EndGlobalSection
	GlobalSection(SolutionProperties) = preSolution
		HideSolutionNode = FALSE
	EndGlobalSection
	GlobalSection(ExtensibilityGlobals) = postSolution
		SolutionGuid = {E5148921-E37D-4278-89EA-A82CA8444F7D}
	EndGlobalSection
EndGlobal
